# THIS IS AN AUTOGENERATED FILE. DO NOT EDIT THIS FILE DIRECTLY.
# yarn lockfile v1


prettier-plugin-blade@^2.0.0:
  version "2.0.0"
  resolved "https://registry.yarnpkg.com/prettier-plugin-blade/-/prettier-plugin-blade-2.0.0.tgz#2c8ebbd4d8727aae574afa637e69e611a9a9d300"
  integrity sha512-9x7hBfGHSKsJG2UNTzFdAadLCMnsgGbLI/cUsb0+leV37yw1ojUedSAhkE1K0TleKXBXgaYpVY+71T3ClYW8WA==

prettier@^3.1.1:
  version "3.1.1"
  resolved "https://registry.yarnpkg.com/prettier/-/prettier-3.1.1.tgz#6ba9f23165d690b6cbdaa88cb0807278f7019848"
  integrity sha512-22UbSzg8luF4UuZtzgiUOfcGM8s4tjBv6dJRT7j275NXsy2jb4aJa4NNveul5x4eqlF1wuhuR2RElK71RvmVaw==
